
Microsoft Visual Studio Solution File, Format Version 12.00
# Visual Studio 15
VisualStudioVersion = 15.0.27130.2026
MinimumVisualStudioVersion = 10.0.40219.1
Project("{FAE04EC0-301F-11D3-BF4B-00C04F79EFBC}") = "TheWorld", "TheWorld\TheWorld.csproj", "{BBBA8A29-8C2A-4628-965C-AFEF1D37D54B}"
EndProject
Global
	GlobalSection(SolutionConfigurationPlatforms) = preSolution
		Debug|Any CPU = Debug|Any CPU
		Release|Any CPU = Release|Any CPU
	EndGlobalSection
	GlobalSection(ProjectConfigurationPlatforms) = postSolution
		{BBBA8A29-8C2A-4628-965C-AFEF1D37D54B}.Debug|Any CPU.ActiveCfg = Debug|Any CPU
		{BBBA8A29-8C2A-4628-965C-AFEF1D37D54B}.Debug|Any CPU.Build.0 = Debug|Any CPU
		{BBBA8A29-8C2A-4628-965C-AFEF1D37D54B}.Release|Any CPU.ActiveCfg = Release|Any CPU
		{BBBA8A29-8C2A-4628-965C-AFEF1D37D54B}.Release|Any CPU.Build.0 = Release|Any CPU
	EndGlobalSection
	GlobalSection(SolutionProperties) = preSolution
		HideSolutionNode = FALSE
	EndGlobalSection
	GlobalSection(ExtensibilityGlobals) = postSolution
		SolutionGuid = {08437E2B-DCE8-4F9F-B7BC-004F1E0C4AA0}
	EndGlobalSection
EndGlobal
